{
  "projects": [
    {
      "projectId": "58GpZjZCWTaJ8AUhpCwt2K",
      "version": "3.28.0",
      "dependencies": {},
      "lang": "ts",
      "fileLocks": [
        {
          "assetId": "58GpZjZCWTaJ8AUhpCwt2K",
          "type": "projectCss",
          "checksum": "f0469e206244772473ab64f50be898f9"
        }
      ],
      "codegenVersion": "0.0.1"
    },
    {
      "projectId": "szjgMQpPpxhmkjnaBvZQJG",
      "version": "2.28.0",
      "dependencies": {},
      "lang": "ts",
      "fileLocks": [
        {
          "assetId": "szjgMQpPpxhmkjnaBvZQJG",
          "type": "projectCss",
          "checksum": "72ff85f8dbd01d559ad13ce12accad86"
        }
      ],
      "codegenVersion": "0.0.1"
    },
    {
      "projectId": "caTPwKxj5ZrD9LQ7DMdK4Z",
      "version": "3.40.0",
      "dependencies": {},
      "lang": "ts",
      "fileLocks": [
        {
          "assetId": "caTPwKxj5ZrD9LQ7DMdK4Z",
          "type": "projectCss",
          "checksum": "1c02168c6b23256606111fdfdbb63549"
        }
      ],
      "codegenVersion": "0.0.1"
    },
    {
      "projectId": "77tPPMY1MAED1Fqwv1T1ig",
      "version": "0.4.0",
      "dependencies": {},
      "lang": "ts",
      "fileLocks": [
        {
          "assetId": "77tPPMY1MAED1Fqwv1T1ig",
          "type": "projectCss",
          "checksum": "1c02168c6b23256606111fdfdbb63549"
        }
      ],
      "codegenVersion": "0.0.1"
    },
    {
      "projectId": "m9f2sdCsBvUkgw2ruM3pjM",
      "version": "0.4.0",
      "dependencies": {},
      "lang": "ts",
      "fileLocks": [
        {
          "assetId": "m9f2sdCsBvUkgw2ruM3pjM",
          "type": "projectCss",
          "checksum": "1c02168c6b23256606111fdfdbb63549"
        }
      ],
      "codegenVersion": "0.0.1"
    },
    {
      "projectId": "k6BnBuAUepzRX8Qs2WvkKs",
      "version": "0.4.0",
      "dependencies": {},
      "lang": "ts",
      "fileLocks": [
        {
          "assetId": "k6BnBuAUepzRX8Qs2WvkKs",
          "type": "projectCss",
          "checksum": "1c02168c6b23256606111fdfdbb63549"
        }
      ],
      "codegenVersion": "0.0.1"
    },
    {
      "projectId": "cAAqA2dcbTMWwuLSmjs7ss",
      "version": "0.4.0",
      "dependencies": {},
      "lang": "ts",
      "fileLocks": [
        {
          "assetId": "cAAqA2dcbTMWwuLSmjs7ss",
          "type": "projectCss",
          "checksum": "1c02168c6b23256606111fdfdbb63549"
        }
      ],
      "codegenVersion": "0.0.1"
    },
    {
      "projectId": "t8YkhWMcnmjNxpEvnBYxFF",
      "version": "0.4.0",
      "dependencies": {},
      "lang": "ts",
      "fileLocks": [
        {
          "assetId": "t8YkhWMcnmjNxpEvnBYxFF",
          "type": "projectCss",
          "checksum": "1c02168c6b23256606111fdfdbb63549"
        }
      ],
      "codegenVersion": "0.0.1"
    },
    {
      "projectId": "vWtWgPPF1YuRD8hUh8BgQm",
      "version": "0.4.0",
      "dependencies": {},
      "lang": "ts",
      "fileLocks": [
        {
          "assetId": "vWtWgPPF1YuRD8hUh8BgQm",
          "type": "projectCss",
          "checksum": "1c02168c6b23256606111fdfdbb63549"
        }
      ],
      "codegenVersion": "0.0.1"
    },
    {
      "projectId": "9UibdRruyX43DxnB8Q1QXF",
      "version": "0.4.0",
      "dependencies": {},
      "lang": "ts",
      "fileLocks": [
        {
          "assetId": "9UibdRruyX43DxnB8Q1QXF",
          "type": "projectCss",
          "checksum": "1c02168c6b23256606111fdfdbb63549"
        }
      ],
      "codegenVersion": "0.0.1"
    },
    {
      "projectId": "cq9NPWVMXvHe5bhLAYLfT1",
      "version": "0.4.0",
      "dependencies": {},
      "lang": "ts",
      "fileLocks": [
        {
          "assetId": "cq9NPWVMXvHe5bhLAYLfT1",
          "type": "projectCss",
          "checksum": "1c02168c6b23256606111fdfdbb63549"
        }
      ],
      "codegenVersion": "0.0.1"
    },
    {
      "projectId": "kb3Kya2pMxe2srmyNSvXg",
      "version": "0.4.0",
      "dependencies": {},
      "lang": "ts",
      "fileLocks": [
        {
          "assetId": "kb3Kya2pMxe2srmyNSvXg",
          "type": "projectCss",
          "checksum": "1c02168c6b23256606111fdfdbb63549"
        }
      ],
      "codegenVersion": "0.0.1"
    },
    {
      "projectId": "aEHVN5v6mfM4eovDsL8Z7d",
      "version": "0.4.0",
      "dependencies": {},
      "lang": "ts",
      "fileLocks": [
        {
          "assetId": "aEHVN5v6mfM4eovDsL8Z7d",
          "type": "projectCss",
          "checksum": "1c02168c6b23256606111fdfdbb63549"
        }
      ],
      "codegenVersion": "0.0.1"
    },
    {
      "projectId": "7J5DBmLL9S8cZoRJpQkUda",
      "version": "0.4.0",
      "dependencies": {},
      "lang": "ts",
      "fileLocks": [
        {
          "assetId": "7J5DBmLL9S8cZoRJpQkUda",
          "type": "projectCss",
          "checksum": "1c02168c6b23256606111fdfdbb63549"
        }
      ],
      "codegenVersion": "0.0.1"
    },
    {
      "projectId": "miaW1xp1scEQBREQYHRbaL",
      "version": "0.4.0",
      "dependencies": {},
      "lang": "ts",
      "fileLocks": [
        {
          "assetId": "miaW1xp1scEQBREQYHRbaL",
          "type": "projectCss",
          "checksum": "1c02168c6b23256606111fdfdbb63549"
        }
      ],
      "codegenVersion": "0.0.1"
    },
    {
      "projectId": "95cydKu4zdmeK3V4rXXSKZ",
      "version": "0.4.0",
      "dependencies": {},
      "lang": "ts",
      "fileLocks": [
        {
          "assetId": "95cydKu4zdmeK3V4rXXSKZ",
          "type": "projectCss",
          "checksum": "1c02168c6b23256606111fdfdbb63549"
        }
      ],
      "codegenVersion": "0.0.1"
    },
    {
      "projectId": "a3pmZtcpA5asHkNtN3SGoF",
      "version": "0.4.0",
      "dependencies": {},
      "lang": "ts",
      "fileLocks": [
        {
          "assetId": "a3pmZtcpA5asHkNtN3SGoF",
          "type": "projectCss",
          "checksum": "1c02168c6b23256606111fdfdbb63549"
        }
      ],
      "codegenVersion": "0.0.1"
    },
    {
      "projectId": "hsyJcmBceSfPzvvXzVTuk7",
      "version": "0.2.0",
      "dependencies": {},
      "lang": "ts",
      "fileLocks": [
        {
          "assetId": "hsyJcmBceSfPzvvXzVTuk7",
          "type": "projectCss",
          "checksum": "1c02168c6b23256606111fdfdbb63549"
        }
      ],
      "codegenVersion": "0.0.1"
    },
    {
      "projectId": "rNRUHCSwyFxFnddSQ3cpnL",
      "version": "0.4.0",
      "dependencies": {},
      "lang": "ts",
      "fileLocks": [
        {
          "assetId": "rNRUHCSwyFxFnddSQ3cpnL",
          "type": "projectCss",
          "checksum": "1c02168c6b23256606111fdfdbb63549"
        }
      ],
      "codegenVersion": "0.0.1"
    },
    {
      "projectId": "mqxdhm5p6WHAt7hW1mdcCX",
      "version": "0.4.0",
      "dependencies": {},
      "lang": "ts",
      "fileLocks": [
        {
          "assetId": "mqxdhm5p6WHAt7hW1mdcCX",
          "type": "projectCss",
          "checksum": "1c02168c6b23256606111fdfdbb63549"
        }
      ],
      "codegenVersion": "0.0.1"
    },
    {
      "projectId": "kpio2pzukKRJkKg6SSrKTe",
      "version": "0.2.0",
      "dependencies": {},
      "lang": "ts",
      "fileLocks": [
        {
          "assetId": "kpio2pzukKRJkKg6SSrKTe",
          "type": "projectCss",
          "checksum": "1c02168c6b23256606111fdfdbb63549"
        }
      ],
      "codegenVersion": "0.0.1"
    },
    {
      "projectId": "hjKYmYi6HMwK6TRyk7ew5R",
      "version": "6.42.0",
      "dependencies": {},
      "lang": "ts",
      "fileLocks": [
        {
          "assetId": "hjKYmYi6HMwK6TRyk7ew5R",
          "type": "projectCss",
          "checksum": "8261c92e439d6a43426690ea3cba615f"
        },
        {
          "assetId": "hjKYmYi6HMwK6TRyk7ew5R",
          "checksum": "ce1c1c4c2068f2505d175a1b6e17d26a",
          "type": "globalContexts"
        }
      ],
      "codegenVersion": "0.0.1"
    },
    {
      "projectId": "gvZmCBEn1URTZWQ5E6hHJp",
      "version": "0.4.0",
      "dependencies": {},
      "lang": "ts",
      "fileLocks": [
        {
          "assetId": "gvZmCBEn1URTZWQ5E6hHJp",
          "type": "projectCss",
          "checksum": "1c02168c6b23256606111fdfdbb63549"
        }
      ],
      "codegenVersion": "0.0.1"
    },
    {
      "projectId": "gmeH6XgPaBtkt51HunAo4g",
      "version": "18.12.0",
      "dependencies": {},
      "lang": "ts",
      "fileLocks": [
        {
          "assetId": "gmeH6XgPaBtkt51HunAo4g",
          "type": "projectCss",
          "checksum": "1c02168c6b23256606111fdfdbb63549"
        }
      ],
      "codegenVersion": "0.0.1"
    },
    {
      "projectId": "jkU633o1Cz7HrJdwdxhVHk",
      "version": "16.13.0",
      "dependencies": {},
      "lang": "ts",
      "fileLocks": [
        {
          "assetId": "jkU633o1Cz7HrJdwdxhVHk",
          "type": "projectCss",
          "checksum": "cf57d229ecea50678d9d8d3bc0e3dd9b"
        }
      ],
      "codegenVersion": "0.0.1"
    },
    {
      "projectId": "ohDidvG9XsCeFumugENU3J",
      "version": "6.29.0",
      "dependencies": {},
      "lang": "ts",
      "fileLocks": [
        {
          "assetId": "ohDidvG9XsCeFumugENU3J",
          "type": "projectCss",
          "checksum": "ba2a60a163fca4f4d510275088a2be53"
        },
        {
          "assetId": "ohDidvG9XsCeFumugENU3J",
          "checksum": "de0a0e65174a6a185a8f822af51c6bdd",
          "type": "globalContexts"
        }
      ],
      "codegenVersion": "0.0.1"
    },
    {
      "projectId": "wj2qAuEBWxMEsUxpANdi1b",
      "version": "latest",
      "dependencies": {
        "ohDidvG9XsCeFumugENU3J": "6.29.0",
        "jkU633o1Cz7HrJdwdxhVHk": "16.13.0",
        "gmeH6XgPaBtkt51HunAo4g": "18.12.0",
        "gvZmCBEn1URTZWQ5E6hHJp": "0.4.0",
        "hjKYmYi6HMwK6TRyk7ew5R": "6.42.0",
        "kpio2pzukKRJkKg6SSrKTe": "0.2.0",
        "mqxdhm5p6WHAt7hW1mdcCX": "0.4.0",
        "rNRUHCSwyFxFnddSQ3cpnL": "0.4.0",
        "hsyJcmBceSfPzvvXzVTuk7": "0.2.0",
        "a3pmZtcpA5asHkNtN3SGoF": "0.4.0",
        "95cydKu4zdmeK3V4rXXSKZ": "0.4.0",
        "miaW1xp1scEQBREQYHRbaL": "0.4.0",
        "7J5DBmLL9S8cZoRJpQkUda": "0.4.0",
        "aEHVN5v6mfM4eovDsL8Z7d": "0.4.0",
        "kb3Kya2pMxe2srmyNSvXg": "0.4.0",
        "cq9NPWVMXvHe5bhLAYLfT1": "0.4.0",
        "9UibdRruyX43DxnB8Q1QXF": "0.4.0",
        "vWtWgPPF1YuRD8hUh8BgQm": "0.4.0",
        "t8YkhWMcnmjNxpEvnBYxFF": "0.4.0",
        "cAAqA2dcbTMWwuLSmjs7ss": "0.4.0",
        "k6BnBuAUepzRX8Qs2WvkKs": "0.4.0",
        "m9f2sdCsBvUkgw2ruM3pjM": "0.4.0",
        "77tPPMY1MAED1Fqwv1T1ig": "0.4.0",
        "caTPwKxj5ZrD9LQ7DMdK4Z": "3.40.0",
        "szjgMQpPpxhmkjnaBvZQJG": "2.28.0",
        "58GpZjZCWTaJ8AUhpCwt2K": "3.28.0"
      },
      "lang": "ts",
      "fileLocks": [
        {
          "assetId": "wj2qAuEBWxMEsUxpANdi1b",
          "type": "projectCss",
          "checksum": "ee5982550f3a8efe9434dd432f849716"
        },
        {
          "assetId": "wj2qAuEBWxMEsUxpANdi1b",
          "checksum": "529272ec35de8445dbe81bec2b8008cf",
          "type": "globalContexts"
        },
        {
          "type": "renderModule",
          "assetId": "fnUkSM9xXbxs",
          "checksum": "e399a95e4bb4ed0f6e8439bed034143c"
        },
        {
          "type": "cssRules",
          "assetId": "fnUkSM9xXbxs",
          "checksum": "e399a95e4bb4ed0f6e8439bed034143c"
        },
        {
          "type": "renderModule",
          "assetId": "nQAzkSlk0HL0",
          "checksum": "7420cacb9ff9b4f6d28f4059f1425778"
        },
        {
          "type": "cssRules",
          "assetId": "nQAzkSlk0HL0",
          "checksum": "7420cacb9ff9b4f6d28f4059f1425778"
        },
        {
          "type": "renderModule",
          "assetId": "e0ng8ipOCA27",
          "checksum": "b12f2fe59f7354d5b3e561b3b42f9f92"
        },
        {
          "type": "cssRules",
          "assetId": "e0ng8ipOCA27",
          "checksum": "b12f2fe59f7354d5b3e561b3b42f9f92"
        },
        {
          "type": "renderModule",
          "assetId": "rPd1hJ4d5NLY",
          "checksum": "90ca6e75c6364e258b2cae4e5350ca5a"
        },
        {
          "type": "cssRules",
          "assetId": "rPd1hJ4d5NLY",
          "checksum": "90ca6e75c6364e258b2cae4e5350ca5a"
        },
        {
          "type": "renderModule",
          "assetId": "R0aC9LPHdiOB",
          "checksum": "84c3975b25d08519a5515486a61ba74d"
        },
        {
          "type": "cssRules",
          "assetId": "R0aC9LPHdiOB",
          "checksum": "84c3975b25d08519a5515486a61ba74d"
        },
        {
          "type": "renderModule",
          "assetId": "p6I6KG3Oa5c8",
          "checksum": "21ac2a6cca1d23e8d0346ab46aa9c25e"
        },
        {
          "type": "cssRules",
          "assetId": "p6I6KG3Oa5c8",
          "checksum": "21ac2a6cca1d23e8d0346ab46aa9c25e"
        },
        {
          "type": "renderModule",
          "assetId": "WIgwPD04N7jm",
          "checksum": "fca4c284d3c65f549369539fca4087dd"
        },
        {
          "type": "cssRules",
          "assetId": "WIgwPD04N7jm",
          "checksum": "fca4c284d3c65f549369539fca4087dd"
        },
        {
          "type": "renderModule",
          "assetId": "BesENwisZjRR",
          "checksum": "c040faced46a55d0f91de8f59c1a5f47"
        },
        {
          "type": "cssRules",
          "assetId": "BesENwisZjRR",
          "checksum": "c040faced46a55d0f91de8f59c1a5f47"
        },
        {
          "type": "renderModule",
          "assetId": "trR-dZObjWEJ",
          "checksum": "620f46cadc01e83d77444caf9f628ec1"
        },
        {
          "type": "cssRules",
          "assetId": "trR-dZObjWEJ",
          "checksum": "620f46cadc01e83d77444caf9f628ec1"
        },
        {
          "type": "renderModule",
          "assetId": "5EOwd79N6RNV",
          "checksum": "7819fe3386ca32455089ec6f6848a97a"
        },
        {
          "type": "cssRules",
          "assetId": "5EOwd79N6RNV",
          "checksum": "7819fe3386ca32455089ec6f6848a97a"
        },
        {
          "type": "renderModule",
          "assetId": "Fiwni9fctKpg",
          "checksum": "500d9157f1cf0281b9de79040cd62803"
        },
        {
          "type": "cssRules",
          "assetId": "Fiwni9fctKpg",
          "checksum": "500d9157f1cf0281b9de79040cd62803"
        },
        {
          "type": "renderModule",
          "assetId": "74X7Xnsr0LfR",
          "checksum": "fb00580454a3b43b9002272ce678e1e6"
        },
        {
          "type": "cssRules",
          "assetId": "74X7Xnsr0LfR",
          "checksum": "fb00580454a3b43b9002272ce678e1e6"
        },
        {
          "type": "renderModule",
          "assetId": "pl-hfq6xTow5",
          "checksum": "25b8c82905a506a859fb98950e994956"
        },
        {
          "type": "cssRules",
          "assetId": "pl-hfq6xTow5",
          "checksum": "25b8c82905a506a859fb98950e994956"
        },
        {
          "type": "icon",
          "assetId": "l0bNlwESE5TA",
          "checksum": "9b748509a39f6bb0fa59a389f700166a"
        },
        {
          "type": "icon",
          "assetId": "TKqMeq8uAQNz",
          "checksum": "383e7bebab3de62656c35488e120e76e"
        },
        {
          "type": "icon",
          "assetId": "ijBEuBtVJ0c9",
          "checksum": "6ba78a7ec8fcc594353297f34a47f9d5"
        },
        {
          "type": "icon",
          "assetId": "XFRX5MVbUWkX",
          "checksum": "86057ba2ea9c88d9979d2a50cd5b00d2"
        },
        {
          "type": "icon",
          "assetId": "9zazrgRhysfs",
          "checksum": "9904bfe2cf8a80461b4358b43612e27d"
        },
        {
          "type": "icon",
          "assetId": "QYd1OYiYNR5o",
          "checksum": "044ee57d6a7131db169cf1c6e39a8d8b"
        },
        {
          "type": "icon",
          "assetId": "CZIZU1CMvwGn",
          "checksum": "ed4708928fdabba4847decce28df13cb"
        }
      ],
      "codegenVersion": "0.0.1"
    }
  ],
  "cliVersion": "0.1.335"
}
